
Microsoft Visual Studio Solution File, Format Version 12.00
# Visual Studio Version 16
VisualStudioVersion = 16.0.29411.108
MinimumVisualStudioVersion = 10.0.40219.1
Project("{FAE04EC0-301F-11D3-BF4B-00C04F79EFBC}") = "CSharp", "CSharp\CSharp.csproj", "{EE582B75-2D30-41EA-A353-516A23BEA7D7}"
EndProject
Global
	GlobalSection(SolutionConfigurationPlatforms) = preSolution
		Debug|Any CPU = Debug|Any CPU
		Release|Any CPU = Release|Any CPU
	EndGlobalSection
	GlobalSection(ProjectConfigurationPlatforms) = postSolution
		{EE582B75-2D30-41EA-A353-516A23BEA7D7}.Debug|Any CPU.ActiveCfg = Debug|Any CPU
		{EE582B75-2D30-41EA-A353-516A23BEA7D7}.Debug|Any CPU.Build.0 = Debug|Any CPU
		{EE582B75-2D30-41EA-A353-516A23BEA7D7}.Release|Any CPU.ActiveCfg = Release|Any CPU
		{EE582B75-2D30-41EA-A353-516A23BEA7D7}.Release|Any CPU.Build.0 = Release|Any CPU
	EndGlobalSection
	GlobalSection(SolutionProperties) = preSolution
		HideSolutionNode = FALSE
	EndGlobalSection
	GlobalSection(ExtensibilityGlobals) = postSolution
		SolutionGuid = {60A318DD-BDE2-457A-AF4C-C6AB5A58B0F5}
	EndGlobalSection
EndGlobal
